
Microsoft Visual Studio Solution File, Format Version 12.00
# Visual Studio Version 17
VisualStudioVersion = 17.1.32328.378
MinimumVisualStudioVersion = 10.0.40219.1
Project("{FAE04EC0-301F-11D3-BF4B-00C04F79EFBC}") = "BubbleShort", "BubbleShort\BubbleShort.csproj", "{C3368F82-8D22-448E-96CB-9FDACF7023D6}"
EndProject
Global
	GlobalSection(SolutionConfigurationPlatforms) = preSolution
		Debug|Any CPU = Debug|Any CPU
		Release|Any CPU = Release|Any CPU
	EndGlobalSection
	GlobalSection(ProjectConfigurationPlatforms) = postSolution
		{C3368F82-8D22-448E-96CB-9FDACF7023D6}.Debug|Any CPU.ActiveCfg = Debug|Any CPU
		{C3368F82-8D22-448E-96CB-9FDACF7023D6}.Debug|Any CPU.Build.0 = Debug|Any CPU
		{C3368F82-8D22-448E-96CB-9FDACF7023D6}.Release|Any CPU.ActiveCfg = Release|Any CPU
		{C3368F82-8D22-448E-96CB-9FDACF7023D6}.Release|Any CPU.Build.0 = Release|Any CPU
	EndGlobalSection
	GlobalSection(SolutionProperties) = preSolution
		HideSolutionNode = FALSE
	EndGlobalSection
	GlobalSection(ExtensibilityGlobals) = postSolution
		SolutionGuid = {8C46BC9A-133F-445A-9C9E-48C00116406A}
	EndGlobalSection
EndGlobal
